
Microsoft Visual Studio Solution File, Format Version 12.00
# Visual Studio Version 17
VisualStudioVersion = 17.0.31919.166
MinimumVisualStudioVersion = 10.0.40219.1
Project("{9A19103F-16F7-4668-BE54-9A1E7A4F7556}") = "FFMQRLib", "FFMQRLib\FFMQRLib.csproj", "{8B72365D-A8A1-4A79-A245-C960A52B2003}"
EndProject
Project("{9A19103F-16F7-4668-BE54-9A1E7A4F7556}") = "FFMQRWin", "FFMQRWin\FFMQRWin.csproj", "{C6DA08E1-3BFB-4F96-82B7-826EBE172CDC}"
EndProject
Project("{9A19103F-16F7-4668-BE54-9A1E7A4F7556}") = "FFMQWebAsm", "FFMQWebAsm\FFMQWebAsm.csproj", "{D6282F05-5F5F-4124-8B37-9548EE84CFD2}"
EndProject
Project("{2150E333-8FDC-42A3-9474-1A3956D46DE8}") = "Solution Items", "Solution Items", "{D2F238B4-3541-4A3D-A97D-957E78D9A03A}"
	ProjectSection(SolutionItems) = preProject
		netlify.build.sh = netlify.build.sh
		netlify.toml = netlify.toml
	EndProjectSection
EndProject
Project("{FAE04EC0-301F-11D3-BF4B-00C04F79EFBC}") = "FFMQRWebAPI", "FFMQRWebAPI\FFMQRWebAPI.csproj", "{43C6BE67-507F-4794-8268-AB3C43F14D78}"
EndProject
Global
	GlobalSection(SolutionConfigurationPlatforms) = preSolution
		Debug|Any CPU = Debug|Any CPU
		Release|Any CPU = Release|Any CPU
	EndGlobalSection
	GlobalSection(ProjectConfigurationPlatforms) = postSolution
		{8B72365D-A8A1-4A79-A245-C960A52B2003}.Debug|Any CPU.ActiveCfg = Debug|Any CPU
		{8B72365D-A8A1-4A79-A245-C960A52B2003}.Debug|Any CPU.Build.0 = Debug|Any CPU
		{8B72365D-A8A1-4A79-A245-C960A52B2003}.Release|Any CPU.ActiveCfg = Release|Any CPU
		{8B72365D-A8A1-4A79-A245-C960A52B2003}.Release|Any CPU.Build.0 = Release|Any CPU
		{C6DA08E1-3BFB-4F96-82B7-826EBE172CDC}.Debug|Any CPU.ActiveCfg = Debug|Any CPU
		{C6DA08E1-3BFB-4F96-82B7-826EBE172CDC}.Debug|Any CPU.Build.0 = Debug|Any CPU
		{C6DA08E1-3BFB-4F96-82B7-826EBE172CDC}.Release|Any CPU.ActiveCfg = Release|Any CPU
		{C6DA08E1-3BFB-4F96-82B7-826EBE172CDC}.Release|Any CPU.Build.0 = Release|Any CPU
		{D6282F05-5F5F-4124-8B37-9548EE84CFD2}.Debug|Any CPU.ActiveCfg = Debug|Any CPU
		{D6282F05-5F5F-4124-8B37-9548EE84CFD2}.Debug|Any CPU.Build.0 = Debug|Any CPU
		{D6282F05-5F5F-4124-8B37-9548EE84CFD2}.Release|Any CPU.ActiveCfg = Release|Any CPU
		{D6282F05-5F5F-4124-8B37-9548EE84CFD2}.Release|Any CPU.Build.0 = Release|Any CPU
		{43C6BE67-507F-4794-8268-AB3C43F14D78}.Debug|Any CPU.ActiveCfg = Debug|Any CPU
		{43C6BE67-507F-4794-8268-AB3C43F14D78}.Debug|Any CPU.Build.0 = Debug|Any CPU
		{43C6BE67-507F-4794-8268-AB3C43F14D78}.Release|Any CPU.ActiveCfg = Release|Any CPU
		{43C6BE67-507F-4794-8268-AB3C43F14D78}.Release|Any CPU.Build.0 = Release|Any CPU
	EndGlobalSection
	GlobalSection(SolutionProperties) = preSolution
		HideSolutionNode = FALSE
	EndGlobalSection
	GlobalSection(ExtensibilityGlobals) = postSolution
		SolutionGuid = {C408A91B-144B-4B38-8122-B7D8B5ACBBD4}
	EndGlobalSection
EndGlobal
